
Microsoft Visual Studio Solution File, Format Version 12.00
# Visual Studio Version 17
VisualStudioVersion = 17.3.32804.467
MinimumVisualStudioVersion = 10.0.40219.1
Project("{9A19103F-16F7-4668-BE54-9A1E7A4F7556}") = "Sales", "Sales\Sales.csproj", "{6FCF24A8-326F-4A49-8E16-EF7D61CE46C4}"
EndProject
Project("{FAE04EC0-301F-11D3-BF4B-00C04F79EFBC}") = "Sales.test", "Sales.test\Sales.test.csproj", "{37DCD603-EBCE-4853-9A02-F12D7CD9C016}"
EndProject
Global
	GlobalSection(SolutionConfigurationPlatforms) = preSolution
		Debug|Any CPU = Debug|Any CPU
		Release|Any CPU = Release|Any CPU
	EndGlobalSection
	GlobalSection(ProjectConfigurationPlatforms) = postSolution
		{6FCF24A8-326F-4A49-8E16-EF7D61CE46C4}.Debug|Any CPU.ActiveCfg = Debug|Any CPU
		{6FCF24A8-326F-4A49-8E16-EF7D61CE46C4}.Debug|Any CPU.Build.0 = Debug|Any CPU
		{6FCF24A8-326F-4A49-8E16-EF7D61CE46C4}.Release|Any CPU.ActiveCfg = Release|Any CPU
		{6FCF24A8-326F-4A49-8E16-EF7D61CE46C4}.Release|Any CPU.Build.0 = Release|Any CPU
		{37DCD603-EBCE-4853-9A02-F12D7CD9C016}.Debug|Any CPU.ActiveCfg = Debug|Any CPU
		{37DCD603-EBCE-4853-9A02-F12D7CD9C016}.Debug|Any CPU.Build.0 = Debug|Any CPU
		{37DCD603-EBCE-4853-9A02-F12D7CD9C016}.Release|Any CPU.ActiveCfg = Release|Any CPU
		{37DCD603-EBCE-4853-9A02-F12D7CD9C016}.Release|Any CPU.Build.0 = Release|Any CPU
	EndGlobalSection
	GlobalSection(SolutionProperties) = preSolution
		HideSolutionNode = FALSE
	EndGlobalSection
	GlobalSection(ExtensibilityGlobals) = postSolution
		SolutionGuid = {2A3B1950-731B-4564-A4B9-F5C94E8D9ED5}
	EndGlobalSection
EndGlobal
